# THIS IS AN AUTOGENERATED FILE. DO NOT EDIT THIS FILE DIRECTLY.
# yarn lockfile v1


"@sentry-internal/tracing@7.120.3":
  version "7.120.3"
  resolved "https://registry.yarnpkg.com/@sentry-internal/tracing/-/tracing-7.120.3.tgz#a54e67c39d23576a72b3f349c1a3fae13e27f2f1"
  integrity sha512-Ausx+Jw1pAMbIBHStoQ6ZqDZR60PsCByvHdw/jdH9AqPrNE9xlBSf9EwcycvmrzwyKspSLaB52grlje2cRIUMg==
  dependencies:
    "@sentry/core" "7.120.3"
    "@sentry/types" "7.120.3"
    "@sentry/utils" "7.120.3"

"@sentry/core@7.120.3":
  version "7.120.3"
  resolved "https://registry.yarnpkg.com/@sentry/core/-/core-7.120.3.tgz#88ae2f8c242afce59e32bdee7f866d8788e86c03"
  integrity sha512-vyy11fCGpkGK3qI5DSXOjgIboBZTriw0YDx/0KyX5CjIjDDNgp5AGgpgFkfZyiYiaU2Ww3iFuKo4wHmBusz1uA==
  dependencies:
    "@sentry/types" "7.120.3"
    "@sentry/utils" "7.120.3"

"@sentry/integrations@7.120.3":
  version "7.120.3"
  resolved "https://registry.yarnpkg.com/@sentry/integrations/-/integrations-7.120.3.tgz#ea6812b77dea7d0090a5cf85383f154b3bd5b073"
  integrity sha512-6i/lYp0BubHPDTg91/uxHvNui427df9r17SsIEXa2eKDwQ9gW2qRx5IWgvnxs2GV/GfSbwcx4swUB3RfEWrXrQ==
  dependencies:
    "@sentry/core" "7.120.3"
    "@sentry/types" "7.120.3"
    "@sentry/utils" "7.120.3"
    localforage "^1.8.1"

"@sentry/node@^7.75.0":
  version "7.120.3"
  resolved "https://registry.yarnpkg.com/@sentry/node/-/node-7.120.3.tgz#59a54e1bfccffd28e7d502a5eefea615f07e13f5"
  integrity sha512-t+QtekZedEfiZjbkRAk1QWJPnJlFBH/ti96tQhEq7wmlk3VszDXraZvLWZA0P2vXyglKzbWRGkT31aD3/kX+5Q==
  dependencies:
    "@sentry-internal/tracing" "7.120.3"
    "@sentry/core" "7.120.3"
    "@sentry/integrations" "7.120.3"
    "@sentry/types" "7.120.3"
    "@sentry/utils" "7.120.3"

"@sentry/types@7.120.3":
  version "7.120.3"
  resolved "https://registry.yarnpkg.com/@sentry/types/-/types-7.120.3.tgz#25f69ae27f0c8430f1863ad2a9ee9cab7fccf232"
  integrity sha512-C4z+3kGWNFJ303FC+FxAd4KkHvxpNFYAFN8iMIgBwJdpIl25KZ8Q/VdGn0MLLUEHNLvjob0+wvwlcRBBNLXOow==

"@sentry/utils@7.120.3":
  version "7.120.3"
  resolved "https://registry.yarnpkg.com/@sentry/utils/-/utils-7.120.3.tgz#0cc891c315d3894eb80c2e7298efd7437e939a5d"
  integrity sha512-UDAOQJtJDxZHQ5Nm1olycBIsz2wdGX8SdzyGVHmD8EOQYAeDZQyIlQYohDe9nazdIOQLZCIc3fU0G9gqVLkaGQ==
  dependencies:
    "@sentry/types" "7.120.3"

chalk@^5.3.0:
  version "5.4.1"
  resolved "https://registry.yarnpkg.com/chalk/-/chalk-5.4.1.tgz#1b48bf0963ec158dce2aacf69c093ae2dd2092d8"
  integrity sha512-zgVZuo2WcZgfUEmsn6eO3kINexW8RAE4maiQ8QNs8CtpPCSyMiYsULR3HQYkm3w8FIA3SberyMJMSldGsW+U3w==

immediate@~3.0.5:
  version "3.0.6"
  resolved "https://registry.yarnpkg.com/immediate/-/immediate-3.0.6.tgz#9db1dbd0faf8de6fbe0f5dd5e56bb606280de69b"
  integrity sha512-XXOFtyqDjNDAQxVfYxuF7g9Il/IbWmmlQg2MYKOH8ExIT1qg6xc4zyS3HaEEATgs1btfzxq15ciUiY7gjSXRGQ==

lie@3.1.1:
  version "3.1.1"
  resolved "https://registry.yarnpkg.com/lie/-/lie-3.1.1.tgz#9a436b2cc7746ca59de7a41fa469b3efb76bd87e"
  integrity sha512-RiNhHysUjhrDQntfYSfY4MU24coXXdEOgw9WGcKHNeEwffDYbF//u87M1EWaMGzuFoSbqW0C9C6lEEhDOAswfw==
  dependencies:
    immediate "~3.0.5"

localforage@^1.8.1:
  version "1.10.0"
  resolved "https://registry.yarnpkg.com/localforage/-/localforage-1.10.0.tgz#5c465dc5f62b2807c3a84c0c6a1b1b3212781dd4"
  integrity sha512-14/H1aX7hzBBmmh7sGPd+AOMkkIrHM3Z1PAyGgZigA1H1p5O5ANnMyWzvpAETtG68/dC4pC0ncy3+PPGzXZHPg==
  dependencies:
    lie "3.1.1"
